{
  "name": "random-motivational-msgs",
  "version": "1.0.1",
  "lockfileVersion": 3,
  "requires": true,
  "packages": {
    "": {
      "name": "random-motivational-msgs",
      "version": "1.0.1",
      "license": "MIT",
      "bin": {
        "random-motivational-message": "bin/global.js"
      }
    }
  }
}
